
Microsoft Visual Studio Solution File, Format Version 12.00
# Visual Studio Version 17
VisualStudioVersion = 17.3.32929.385
MinimumVisualStudioVersion = 10.0.40219.1
Project("{FAE04EC0-301F-11D3-BF4B-00C04F79EFBC}") = "builder", "builder.csproj", "{CCDB6E01-6FDE-4717-A5E9-6DFE89E8AC97}"
EndProject
Global
	GlobalSection(SolutionConfigurationPlatforms) = preSolution
		Debug|Any CPU = Debug|Any CPU
		Release|Any CPU = Release|Any CPU
	EndGlobalSection
	GlobalSection(ProjectConfigurationPlatforms) = postSolution
		{CCDB6E01-6FDE-4717-A5E9-6DFE89E8AC97}.Debug|Any CPU.ActiveCfg = Debug|Any CPU
		{CCDB6E01-6FDE-4717-A5E9-6DFE89E8AC97}.Debug|Any CPU.Build.0 = Debug|Any CPU
		{CCDB6E01-6FDE-4717-A5E9-6DFE89E8AC97}.Release|Any CPU.ActiveCfg = Release|Any CPU
		{CCDB6E01-6FDE-4717-A5E9-6DFE89E8AC97}.Release|Any CPU.Build.0 = Release|Any CPU
	EndGlobalSection
	GlobalSection(SolutionProperties) = preSolution
		HideSolutionNode = FALSE
	EndGlobalSection
	GlobalSection(ExtensibilityGlobals) = postSolution
		SolutionGuid = {D0AEBD03-3BA9-4000-9A5E-49AB967AA1B8}
	EndGlobalSection
EndGlobal
